
Microsoft Visual Studio Solution File, Format Version 12.00
# Visual Studio Version 17
VisualStudioVersion = 17.8.34004.107
MinimumVisualStudioVersion = 10.0.40219.1
Project("{9A19103F-16F7-4668-BE54-9A1E7A4F7556}") = "VbOptionStrictAnalyzer", "VbOptionStrictAnalyzer\VbOptionStrictAnalyzer.csproj", "{3EE35B7F-395D-4190-B77D-FE7228660C5D}"
EndProject
Project("{9A19103F-16F7-4668-BE54-9A1E7A4F7556}") = "VbOptionStrictAnalyzer.Tests", "VbOptionStrictAnalyzer.Tests\VbOptionStrictAnalyzer.Tests.csproj", "{84C8E7DF-92EB-42CB-9BDD-6380DF749914}"
EndProject
Project("{778DAE3C-4631-46EA-AA77-85C1314464D9}") = "VbOptionStrictAnalyzer.Sample", "VbOptionStrictAnalyzer.Sample\VbOptionStrictAnalyzer.Sample.vbproj", "{B466364C-F490-4653-9E0D-C899DDE534A3}"
EndProject
Project("{2150E333-8FDC-42A3-9474-1A3956D46DE8}") = "Solution Items", "Solution Items", "{9EFEB965-2884-48B9-B4BF-B3587A966DE3}"
	ProjectSection(SolutionItems) = preProject
		LICENSE.txt = LICENSE.txt
		README.md = README.md
	EndProjectSection
EndProject
Global
	GlobalSection(SolutionConfigurationPlatforms) = preSolution
		Debug|Any CPU = Debug|Any CPU
		Release|Any CPU = Release|Any CPU
	EndGlobalSection
	GlobalSection(ProjectConfigurationPlatforms) = postSolution
		{3EE35B7F-395D-4190-B77D-FE7228660C5D}.Debug|Any CPU.ActiveCfg = Debug|Any CPU
		{3EE35B7F-395D-4190-B77D-FE7228660C5D}.Debug|Any CPU.Build.0 = Debug|Any CPU
		{3EE35B7F-395D-4190-B77D-FE7228660C5D}.Release|Any CPU.ActiveCfg = Release|Any CPU
		{3EE35B7F-395D-4190-B77D-FE7228660C5D}.Release|Any CPU.Build.0 = Release|Any CPU
		{84C8E7DF-92EB-42CB-9BDD-6380DF749914}.Debug|Any CPU.ActiveCfg = Debug|Any CPU
		{84C8E7DF-92EB-42CB-9BDD-6380DF749914}.Debug|Any CPU.Build.0 = Debug|Any CPU
		{84C8E7DF-92EB-42CB-9BDD-6380DF749914}.Release|Any CPU.ActiveCfg = Release|Any CPU
		{84C8E7DF-92EB-42CB-9BDD-6380DF749914}.Release|Any CPU.Build.0 = Release|Any CPU
		{B466364C-F490-4653-9E0D-C899DDE534A3}.Debug|Any CPU.ActiveCfg = Debug|Any CPU
		{B466364C-F490-4653-9E0D-C899DDE534A3}.Debug|Any CPU.Build.0 = Debug|Any CPU
		{B466364C-F490-4653-9E0D-C899DDE534A3}.Release|Any CPU.ActiveCfg = Release|Any CPU
		{B466364C-F490-4653-9E0D-C899DDE534A3}.Release|Any CPU.Build.0 = Release|Any CPU
	EndGlobalSection
	GlobalSection(SolutionProperties) = preSolution
		HideSolutionNode = FALSE
	EndGlobalSection
EndGlobal
